
Microsoft Visual Studio Solution File, Format Version 12.00
# Visual Studio Version 17
VisualStudioVersion = 17.9.34723.18
MinimumVisualStudioVersion = 10.0.40219.1
Project("{FAE04EC0-301F-11D3-BF4B-00C04F79EFBC}") = "iit10", "iit10\iit10.csproj", "{4876E59F-D5F7-47E8-A7D7-B054F7931339}"
EndProject
Global
	GlobalSection(SolutionConfigurationPlatforms) = preSolution
		Debug|Any CPU = Debug|Any CPU
		Release|Any CPU = Release|Any CPU
	EndGlobalSection
	GlobalSection(ProjectConfigurationPlatforms) = postSolution
		{4876E59F-D5F7-47E8-A7D7-B054F7931339}.Debug|Any CPU.ActiveCfg = Debug|Any CPU
		{4876E59F-D5F7-47E8-A7D7-B054F7931339}.Debug|Any CPU.Build.0 = Debug|Any CPU
		{4876E59F-D5F7-47E8-A7D7-B054F7931339}.Release|Any CPU.ActiveCfg = Release|Any CPU
		{4876E59F-D5F7-47E8-A7D7-B054F7931339}.Release|Any CPU.Build.0 = Release|Any CPU
	EndGlobalSection
	GlobalSection(SolutionProperties) = preSolution
		HideSolutionNode = FALSE
	EndGlobalSection
	GlobalSection(ExtensibilityGlobals) = postSolution
		SolutionGuid = {37869BA5-9BE2-4988-894D-96A457B2C277}
	EndGlobalSection
EndGlobal
